
Microsoft Visual Studio Solution File, Format Version 12.00
# Visual Studio Version 17
VisualStudioVersion = 17.7.34202.233
MinimumVisualStudioVersion = 10.0.40219.1
Project("{9A19103F-16F7-4668-BE54-9A1E7A4F7556}") = "GraphWalking", "GraphWalking\GraphWalking.csproj", "{B21CD34B-95A4-4E99-8BE5-ECF613724BC9}"
EndProject
Project("{9A19103F-16F7-4668-BE54-9A1E7A4F7556}") = "GraphWalkingTests", "GraphWalkingTests\GraphWalkingTests.csproj", "{CC8B4C55-63B5-43ED-815C-DD6E243A42FB}"
EndProject
Project("{9A19103F-16F7-4668-BE54-9A1E7A4F7556}") = "ConsoleApp", "ConsoleApp\ConsoleApp.csproj", "{2445C9D4-5335-4055-A570-A7955C654E75}"
EndProject
Project("{9A19103F-16F7-4668-BE54-9A1E7A4F7556}") = "WpfAppTutorial", "WpfAppTutorial\WpfAppTutorial.csproj", "{445DBB3D-E881-4B62-BF41-3883338ADD46}"
EndProject
Project("{FAE04EC0-301F-11D3-BF4B-00C04F79EFBC}") = "WpfSquardleSolver", "WpfSquardleSolver\WpfSquardleSolver.csproj", "{0EE5C6E0-797C-46FC-8B8B-4C5914566C3C}"
EndProject
Global
	GlobalSection(SolutionConfigurationPlatforms) = preSolution
		Debug|Any CPU = Debug|Any CPU
		Release|Any CPU = Release|Any CPU
	EndGlobalSection
	GlobalSection(ProjectConfigurationPlatforms) = postSolution
		{B21CD34B-95A4-4E99-8BE5-ECF613724BC9}.Debug|Any CPU.ActiveCfg = Debug|Any CPU
		{B21CD34B-95A4-4E99-8BE5-ECF613724BC9}.Debug|Any CPU.Build.0 = Debug|Any CPU
		{B21CD34B-95A4-4E99-8BE5-ECF613724BC9}.Release|Any CPU.ActiveCfg = Release|Any CPU
		{B21CD34B-95A4-4E99-8BE5-ECF613724BC9}.Release|Any CPU.Build.0 = Release|Any CPU
		{CC8B4C55-63B5-43ED-815C-DD6E243A42FB}.Debug|Any CPU.ActiveCfg = Debug|Any CPU
		{CC8B4C55-63B5-43ED-815C-DD6E243A42FB}.Debug|Any CPU.Build.0 = Debug|Any CPU
		{CC8B4C55-63B5-43ED-815C-DD6E243A42FB}.Release|Any CPU.ActiveCfg = Release|Any CPU
		{CC8B4C55-63B5-43ED-815C-DD6E243A42FB}.Release|Any CPU.Build.0 = Release|Any CPU
		{2445C9D4-5335-4055-A570-A7955C654E75}.Debug|Any CPU.ActiveCfg = Debug|Any CPU
		{2445C9D4-5335-4055-A570-A7955C654E75}.Debug|Any CPU.Build.0 = Debug|Any CPU
		{2445C9D4-5335-4055-A570-A7955C654E75}.Release|Any CPU.ActiveCfg = Release|Any CPU
		{2445C9D4-5335-4055-A570-A7955C654E75}.Release|Any CPU.Build.0 = Release|Any CPU
		{445DBB3D-E881-4B62-BF41-3883338ADD46}.Debug|Any CPU.ActiveCfg = Debug|Any CPU
		{445DBB3D-E881-4B62-BF41-3883338ADD46}.Debug|Any CPU.Build.0 = Debug|Any CPU
		{445DBB3D-E881-4B62-BF41-3883338ADD46}.Release|Any CPU.ActiveCfg = Release|Any CPU
		{445DBB3D-E881-4B62-BF41-3883338ADD46}.Release|Any CPU.Build.0 = Release|Any CPU
		{0EE5C6E0-797C-46FC-8B8B-4C5914566C3C}.Debug|Any CPU.ActiveCfg = Debug|Any CPU
		{0EE5C6E0-797C-46FC-8B8B-4C5914566C3C}.Debug|Any CPU.Build.0 = Debug|Any CPU
		{0EE5C6E0-797C-46FC-8B8B-4C5914566C3C}.Release|Any CPU.ActiveCfg = Release|Any CPU
		{0EE5C6E0-797C-46FC-8B8B-4C5914566C3C}.Release|Any CPU.Build.0 = Release|Any CPU
	EndGlobalSection
	GlobalSection(SolutionProperties) = preSolution
		HideSolutionNode = FALSE
	EndGlobalSection
	GlobalSection(ExtensibilityGlobals) = postSolution
		SolutionGuid = {EB21CAA8-FB19-46E5-81D6-A443BABEF4AA}
	EndGlobalSection
EndGlobal
